schema: '2.0'
stages:
  load_data:
    cmd: python3 src/stage_01_load_save.py --config=config/config.yaml
    deps:
    - path: config/config.yaml
      md5: 5a049f17ecbaccc1f610f6fa6dfa0bd3
      size: 382
    - path: src/stage_01_load_save.py
      md5: b11251d5b8df0bbb2f230d63a31aa81d
      size: 1019
    - path: src/utils/all_utils.py
      md5: a0dab69ba549262e7ed6e06c4ae58891
      size: 697
    outs:
    - path: artifacts/raw_local_dir/data.csv
      md5: 7d814a1bda02145efe703f4e1c01847a
      size: 91999
  split_data:
    cmd: python3 src/stage_02_split_data.py --config=config/config.yaml  --params=params.yaml
    deps:
    - path: artifacts/raw_local_dir/data.csv
      md5: 7d814a1bda02145efe703f4e1c01847a
      size: 91999
    - path: config/config.yaml
      md5: 5a049f17ecbaccc1f610f6fa6dfa0bd3
      size: 382
    - path: src/stage_02_split_data.py
      md5: 6e62e9fc8ef6e5452f36029884efbbb8
      size: 1659
    - path: src/utils/all_utils.py
      md5: a0dab69ba549262e7ed6e06c4ae58891
      size: 697
    params:
      params.yaml:
        base.random_state: 43
        base.test_size: 0.3
    outs:
    - path: artifacts/split_data_dir/test.csv
      md5: 2234775402fc50bcee60bfbfd1cfb1d5
      size: 27782
    - path: artifacts/split_data_dir/train.csv
      md5: e683c1d146b604dc7ac3a46cfcc079c4
      size: 64363
  train:
    cmd: python3 src/stage_03_train.py --config=config/config.yaml  --params=params.yaml
    deps:
    - path: artifacts/split_data_dir/train.csv
      md5: e683c1d146b604dc7ac3a46cfcc079c4
      size: 64363
    - path: config/config.yaml
      md5: 5a049f17ecbaccc1f610f6fa6dfa0bd3
      size: 382
    - path: src/stage_03_train.py
      md5: aaf6115608ed7f25db9c5880b3742b91
      size: 1724
    - path: src/utils/all_utils.py
      md5: a0dab69ba549262e7ed6e06c4ae58891
      size: 697
    params:
      params.yaml:
        base.random_state: 43
        model_params.ElasticNet.alpha: 0.5
        model_params.ElasticNet.l1_ratio: 0.5
    outs:
    - path: artifacts/model_dir/ElasticNet.model
      md5: 6aa6fccde91b4e198f73df5bdd71ecdf
      size: 1198
  evaluate:
    cmd: python3 src/stage_04_evaluate.py --config=config/config.yaml  --params=params.yaml
    deps:
    - path: artifacts/model_dir/ElasticNet.model
      md5: 6aa6fccde91b4e198f73df5bdd71ecdf
      size: 1198
    - path: artifacts/split_data_dir/train.csv
      md5: e683c1d146b604dc7ac3a46cfcc079c4
      size: 64363
    - path: config/config.yaml
      md5: 5a049f17ecbaccc1f610f6fa6dfa0bd3
      size: 382
    - path: src/stage_04_evaluate.py
      md5: 70c1938741d074bdffa05043675f510b
      size: 2154
    - path: src/utils/all_utils.py
      md5: a0dab69ba549262e7ed6e06c4ae58891
      size: 697
    outs:
    - path: artifacts/reports_dir/scores.json
      md5: 498bacc0911cf96ceb2a0ae169328dcf
      size: 96
